
Microsoft Visual Studio Solution File, Format Version 12.00
# Visual Studio Version 16
VisualStudioVersion = 16.0.31729.503
MinimumVisualStudioVersion = 10.0.40219.1
Project("{FAE04EC0-301F-11D3-BF4B-00C04F79EFBC}") = "BAPapp.WebMVC", "BAPapp.WebMVC\BAPapp.WebMVC.csproj", "{1186A0D8-31BD-468E-A7D5-3BBBB9ED181C}"
EndProject
Project("{FAE04EC0-301F-11D3-BF4B-00C04F79EFBC}") = "BAPapp.Data", "BAPapp.Data\BAPapp.Data.csproj", "{CCE8E48F-32DD-416E-ADD6-6FBE3B22AF96}"
EndProject
Project("{FAE04EC0-301F-11D3-BF4B-00C04F79EFBC}") = "BAPapp.Models", "BAPapp.Models\BAPapp.Models.csproj", "{400CB1B1-DBD6-429B-B509-B6B5822808A3}"
EndProject
Project("{FAE04EC0-301F-11D3-BF4B-00C04F79EFBC}") = "BAPapp.Services", "BAPapp.Services\BAPapp.Services.csproj", "{ABAC447F-F2FF-45FE-AC8F-3459B058D3EC}"
EndProject
Project("{FAE04EC0-301F-11D3-BF4B-00C04F79EFBC}") = "BAPapp.Interfaces", "BAPapp.Interfaces\BAPapp.Interfaces.csproj", "{1D3EF943-14DA-4278-AB20-2D7FA2D5CC8F}"
EndProject
Global
	GlobalSection(SolutionConfigurationPlatforms) = preSolution
		Debug|Any CPU = Debug|Any CPU
		Release|Any CPU = Release|Any CPU
	EndGlobalSection
	GlobalSection(ProjectConfigurationPlatforms) = postSolution
		{1186A0D8-31BD-468E-A7D5-3BBBB9ED181C}.Debug|Any CPU.ActiveCfg = Debug|Any CPU
		{1186A0D8-31BD-468E-A7D5-3BBBB9ED181C}.Debug|Any CPU.Build.0 = Debug|Any CPU
		{1186A0D8-31BD-468E-A7D5-3BBBB9ED181C}.Release|Any CPU.ActiveCfg = Release|Any CPU
		{1186A0D8-31BD-468E-A7D5-3BBBB9ED181C}.Release|Any CPU.Build.0 = Release|Any CPU
		{CCE8E48F-32DD-416E-ADD6-6FBE3B22AF96}.Debug|Any CPU.ActiveCfg = Debug|Any CPU
		{CCE8E48F-32DD-416E-ADD6-6FBE3B22AF96}.Debug|Any CPU.Build.0 = Debug|Any CPU
		{CCE8E48F-32DD-416E-ADD6-6FBE3B22AF96}.Release|Any CPU.ActiveCfg = Release|Any CPU
		{CCE8E48F-32DD-416E-ADD6-6FBE3B22AF96}.Release|Any CPU.Build.0 = Release|Any CPU
		{400CB1B1-DBD6-429B-B509-B6B5822808A3}.Debug|Any CPU.ActiveCfg = Debug|Any CPU
		{400CB1B1-DBD6-429B-B509-B6B5822808A3}.Debug|Any CPU.Build.0 = Debug|Any CPU
		{400CB1B1-DBD6-429B-B509-B6B5822808A3}.Release|Any CPU.ActiveCfg = Release|Any CPU
		{400CB1B1-DBD6-429B-B509-B6B5822808A3}.Release|Any CPU.Build.0 = Release|Any CPU
		{ABAC447F-F2FF-45FE-AC8F-3459B058D3EC}.Debug|Any CPU.ActiveCfg = Debug|Any CPU
		{ABAC447F-F2FF-45FE-AC8F-3459B058D3EC}.Debug|Any CPU.Build.0 = Debug|Any CPU
		{ABAC447F-F2FF-45FE-AC8F-3459B058D3EC}.Release|Any CPU.ActiveCfg = Release|Any CPU
		{ABAC447F-F2FF-45FE-AC8F-3459B058D3EC}.Release|Any CPU.Build.0 = Release|Any CPU
		{1D3EF943-14DA-4278-AB20-2D7FA2D5CC8F}.Debug|Any CPU.ActiveCfg = Debug|Any CPU
		{1D3EF943-14DA-4278-AB20-2D7FA2D5CC8F}.Debug|Any CPU.Build.0 = Debug|Any CPU
		{1D3EF943-14DA-4278-AB20-2D7FA2D5CC8F}.Release|Any CPU.ActiveCfg = Release|Any CPU
		{1D3EF943-14DA-4278-AB20-2D7FA2D5CC8F}.Release|Any CPU.Build.0 = Release|Any CPU
	EndGlobalSection
	GlobalSection(SolutionProperties) = preSolution
		HideSolutionNode = FALSE
	EndGlobalSection
	GlobalSection(ExtensibilityGlobals) = postSolution
		SolutionGuid = {0DC72F0A-30AF-4D50-ACC1-7D56A5A07BE0}
	EndGlobalSection
EndGlobal
